<?xml version="1.0" encoding="utf-8"?>
<Project ToolsVersion="4.0" xmlns="http://schemas.microsoft.com/developer/msbuild/2003">
  <ItemGroup>
    <Filter Include="Fichiers sources">
      <UniqueIdentifier>{4FC737F1-C7A5-4376-A066-2A32D752A2FF}</UniqueIdentifier>
      <Extensions>cpp;c;cc;cxx;def;odl;idl;hpj;bat;asm;asmx</Extensions>
    </Filter>
    <Filter Include="Fichiers d%27en-tête">
      <UniqueIdentifier>{93995380-89BD-4b04-88EB-625FBE52EBFB}</UniqueIdentifier>
      <Extensions>h;hh;hpp;hxx;hm;inl;inc;ipp;xsd</Extensions>
    </Filter>
    <Filter Include="Fichiers de ressources">
      <UniqueIdentifier>{67DA6AB6-F800-4c08-8B7A-83BB121AAD01}</UniqueIdentifier>
      <Extensions>rc;ico;cur;bmp;dlg;rc2;rct;bin;rgs;gif;jpg;jpeg;jpe;resx;tiff;tif;png;wav;mfcribbon-ms</Extensions>
    </Filter>
    <Filter Include="Animator">
      <UniqueIdentifier>{b76f76ab-f344-4240-91a5-b6af830adb85}</UniqueIdentifier>
    </Filter>
    <Filter Include="GameLogic">
      <UniqueIdentifier>{790ff698-a718-47d0-9022-f1b126d8239a}</UniqueIdentifier>
    </Filter>
    <Filter Include="LevelHandler">
      <UniqueIdentifier>{ae137a05-6442-4fea-8fe2-00d67a105885}</UniqueIdentifier>
    </Filter>
    <Filter Include="Utils">
      <UniqueIdentifier>{80cfa027-8462-4cd2-a4ae-8ff64d0947b3}</UniqueIdentifier>
    </Filter>
    <Filter Include="Objects">
      <UniqueIdentifier>{a859b97a-6eaf-4ba3-96a7-c2d90803bd21}</UniqueIdentifier>
    </Filter>
    <Filter Include="Collider">
      <UniqueIdentifier>{57346e4b-efeb-4b2b-8f0c-382100aadc8a}</UniqueIdentifier>
    </Filter>
    <Filter Include="PrecompiledHeader">
      <UniqueIdentifier>{9e189d9a-c23c-4938-be01-3c8381be6e4a}</UniqueIdentifier>
    </Filter>
    <Filter Include="InputHandler">
      <UniqueIdentifier>{1787e9f4-6a22-4c05-857e-ec753db9fa88}</UniqueIdentifier>
    </Filter>
    <Filter Include="Map">
      <UniqueIdentifier>{e6938be5-3ff6-47b6-9a7e-33dd56ac973f}</UniqueIdentifier>
    </Filter>
    <Filter Include="States">
      <UniqueIdentifier>{f49c496f-12cd-4996-803e-32337408d4db}</UniqueIdentifier>
    </Filter>
    <Filter Include="Cameras">
      <UniqueIdentifier>{514aabc2-549f-4e5b-ac01-a41dd62ef81b}</UniqueIdentifier>
    </Filter>
    <Filter Include="GUI">
      <UniqueIdentifier>{7bca301c-58fa-4faf-a6da-1f4d6d0e01ed}</UniqueIdentifier>
    </Filter>
    <Filter Include="Saves">
      <UniqueIdentifier>{8d0e2a2d-590c-4417-a589-623a4297e262}</UniqueIdentifier>
    </Filter>
  </ItemGroup>
  <ItemGroup>
    <ClCompile Include="main.cpp">
      <Filter>Fichiers sources</Filter>
    </ClCompile>
    <ClCompile Include="Animation.cpp">
      <Filter>Animator</Filter>
    </ClCompile>
    <ClCompile Include="Player.cpp">
      <Filter>Objects</Filter>
    </ClCompile>
    <ClCompile Include="Entity.cpp">
      <Filter>Objects</Filter>
    </ClCompile>
    <ClCompile Include="Game.cpp">
      <Filter>GameLogic</Filter>
    </ClCompile>
    <ClCompile Include="Level.cpp">
      <Filter>LevelHandler</Filter>
    </ClCompile>
    <ClCompile Include="Utils.cpp">
      <Filter>Utils</Filter>
    </ClCompile>
    <ClCompile Include="BoxCollider.cpp">
      <Filter>Collider</Filter>
    </ClCompile>
    <ClCompile Include="stdafx.cpp">
      <Filter>PrecompiledHeader</Filter>
    </ClCompile>
    <ClCompile Include="ControlHandler.cpp">
      <Filter>InputHandler</Filter>
    </ClCompile>
    <ClCompile Include="Map.cpp">
      <Filter>Map</Filter>
    </ClCompile>
    <ClCompile Include="Animator.cpp">
      <Filter>Animator</Filter>
    </ClCompile>
    <ClCompile Include="State.cpp">
      <Filter>States</Filter>
    </ClCompile>
    <ClCompile Include="Camera.cpp">
      <Filter>Cameras</Filter>
    </ClCompile>
    <ClCompile Include="CameraFollower.cpp">
      <Filter>Cameras</Filter>
    </ClCompile>
    <ClCompile Include="GameState.cpp">
      <Filter>States</Filter>
    </ClCompile>
    <ClCompile Include="MainMenuState.cpp">
      <Filter>States</Filter>
    </ClCompile>
    <ClCompile Include="MapLoaderJSON.cpp">
      <Filter>Map</Filter>
    </ClCompile>
    <ClCompile Include="MapLoaderTMX.cpp">
      <Filter>Map</Filter>
    </ClCompile>
    <ClCompile Include="Button.cpp">
      <Filter>GUI</Filter>
    </ClCompile>
    <ClCompile Include="ComboBox.cpp">
      <Filter>GUI</Filter>
    </ClCompile>
    <ClCompile Include="Slider.cpp">
      <Filter>GUI</Filter>
    </ClCompile>
    <ClCompile Include="DropBox.cpp">
      <Filter>GUI</Filter>
    </ClCompile>
    <ClCompile Include="Label.cpp">
      <Filter>GUI</Filter>
    </ClCompile>
    <ClCompile Include="SettingsState.cpp">
      <Filter>States</Filter>
    </ClCompile>
    <ClCompile Include="TextInput.cpp">
      <Filter>GUI</Filter>
    </ClCompile>
    <ClCompile Include="LevelChooserState.cpp">
      <Filter>States</Filter>
    </ClCompile>
    <ClCompile Include="PauseInternState.cpp">
      <Filter>States</Filter>
    </ClCompile>
  </ItemGroup>
  <ItemGroup>
    <ClInclude Include="resource.h">
      <Filter>Fichiers d%27en-tête</Filter>
    </ClInclude>
    <ClInclude Include="Animation.h">
      <Filter>Animator</Filter>
    </ClInclude>
    <ClInclude Include="Entity.h">
      <Filter>Objects</Filter>
    </ClInclude>
    <ClInclude Include="Player.h">
      <Filter>Objects</Filter>
    </ClInclude>
    <ClInclude Include="Game.h">
      <Filter>GameLogic</Filter>
    </ClInclude>
    <ClInclude Include="Level.h">
      <Filter>LevelHandler</Filter>
    </ClInclude>
    <ClInclude Include="Utils.h">
      <Filter>Utils</Filter>
    </ClInclude>
    <ClInclude Include="BoxCollider.h">
      <Filter>Collider</Filter>
    </ClInclude>
    <ClInclude Include="stdafx.h">
      <Filter>PrecompiledHeader</Filter>
    </ClInclude>
    <ClInclude Include="ControlHandler.h">
      <Filter>InputHandler</Filter>
    </ClInclude>
    <ClInclude Include="Map.h">
      <Filter>Map</Filter>
    </ClInclude>
    <ClInclude Include="Animator.h">
      <Filter>Animator</Filter>
    </ClInclude>
    <ClInclude Include="State.h">
      <Filter>States</Filter>
    </ClInclude>
    <ClInclude Include="Camera.h">
      <Filter>Cameras</Filter>
    </ClInclude>
    <ClInclude Include="CameraFollower.h">
      <Filter>Cameras</Filter>
    </ClInclude>
    <ClInclude Include="GameState.h">
      <Filter>States</Filter>
    </ClInclude>
    <ClInclude Include="MainMenuState.h">
      <Filter>States</Filter>
    </ClInclude>
    <ClInclude Include="MapLoaderJSON.h">
      <Filter>Map</Filter>
    </ClInclude>
    <ClInclude Include="MapLoaderTMX.h">
      <Filter>Map</Filter>
    </ClInclude>
    <ClInclude Include="Button.h">
      <Filter>GUI</Filter>
    </ClInclude>
    <ClInclude Include="ComboBox.h">
      <Filter>GUI</Filter>
    </ClInclude>
    <ClInclude Include="Slider.h">
      <Filter>GUI</Filter>
    </ClInclude>
    <ClInclude Include="DropBox.h">
      <Filter>GUI</Filter>
    </ClInclude>
    <ClInclude Include="Label.h">
      <Filter>GUI</Filter>
    </ClInclude>
    <ClInclude Include="SettingsState.h">
      <Filter>States</Filter>
    </ClInclude>
    <ClInclude Include="TextInput.h">
      <Filter>GUI</Filter>
    </ClInclude>
    <ClInclude Include="LevelChooserState.h">
      <Filter>States</Filter>
    </ClInclude>
    <ClInclude Include="PauseInternState.h">
      <Filter>States</Filter>
    </ClInclude>
  </ItemGroup>
  <ItemGroup>
    <ResourceCompile Include="Physics.rc">
      <Filter>Fichiers de ressources</Filter>
    </ResourceCompile>
  </ItemGroup>
  <ItemGroup>
    <None Include="packages.config" />
  </ItemGroup>
</Project>